
Microsoft Visual Studio Solution File, Format Version 12.00
# Visual Studio Version 17
VisualStudioVersion = 17.0.31903.59
MinimumVisualStudioVersion = 10.0.40219.1
Project("{FAE04EC0-301F-11D3-BF4B-00C04F79EFBC}") = "HelloWorld", "HelloWorld\HelloWorld.csproj", "{08908BBA-FC26-4D85-B603-1AFF704B71AE}"
EndProject
Project("{FAE04EC0-301F-11D3-BF4B-00C04F79EFBC}") = "HelloWorldTests", "HelloWorldTests\HelloWorldTests.csproj", "{5F919BF4-54CD-49BA-996D-32D3BD879238}"
EndProject
Global
	GlobalSection(SolutionConfigurationPlatforms) = preSolution
		Debug|Any CPU = Debug|Any CPU
		Release|Any CPU = Release|Any CPU
	EndGlobalSection
	GlobalSection(SolutionProperties) = preSolution
		HideSolutionNode = FALSE
	EndGlobalSection
	GlobalSection(ProjectConfigurationPlatforms) = postSolution
		{08908BBA-FC26-4D85-B603-1AFF704B71AE}.Debug|Any CPU.ActiveCfg = Debug|Any CPU
		{08908BBA-FC26-4D85-B603-1AFF704B71AE}.Debug|Any CPU.Build.0 = Debug|Any CPU
		{08908BBA-FC26-4D85-B603-1AFF704B71AE}.Release|Any CPU.ActiveCfg = Release|Any CPU
		{08908BBA-FC26-4D85-B603-1AFF704B71AE}.Release|Any CPU.Build.0 = Release|Any CPU
		{5F919BF4-54CD-49BA-996D-32D3BD879238}.Debug|Any CPU.ActiveCfg = Debug|Any CPU
		{5F919BF4-54CD-49BA-996D-32D3BD879238}.Debug|Any CPU.Build.0 = Debug|Any CPU
		{5F919BF4-54CD-49BA-996D-32D3BD879238}.Release|Any CPU.ActiveCfg = Release|Any CPU
		{5F919BF4-54CD-49BA-996D-32D3BD879238}.Release|Any CPU.Build.0 = Release|Any CPU
	EndGlobalSection
EndGlobal
